
Microsoft Visual Studio Solution File, Format Version 12.00
# Visual Studio Version 17
VisualStudioVersion = 17.4.33213.308
MinimumVisualStudioVersion = 10.0.40219.1
Project("{FAE04EC0-301F-11D3-BF4B-00C04F79EFBC}") = "Billion Banks Web Service", "Billion Banks Web Service\Billion Banks Web Service.csproj", "{9EBA31BA-94C8-4B8B-AB51-B3BEC52D107E}"
EndProject
Global
	GlobalSection(SolutionConfigurationPlatforms) = preSolution
		Debug|Any CPU = Debug|Any CPU
		Release|Any CPU = Release|Any CPU
	EndGlobalSection
	GlobalSection(ProjectConfigurationPlatforms) = postSolution
		{9EBA31BA-94C8-4B8B-AB51-B3BEC52D107E}.Debug|Any CPU.ActiveCfg = Debug|Any CPU
		{9EBA31BA-94C8-4B8B-AB51-B3BEC52D107E}.Debug|Any CPU.Build.0 = Debug|Any CPU
		{9EBA31BA-94C8-4B8B-AB51-B3BEC52D107E}.Release|Any CPU.ActiveCfg = Release|Any CPU
		{9EBA31BA-94C8-4B8B-AB51-B3BEC52D107E}.Release|Any CPU.Build.0 = Release|Any CPU
	EndGlobalSection
	GlobalSection(SolutionProperties) = preSolution
		HideSolutionNode = FALSE
	EndGlobalSection
	GlobalSection(ExtensibilityGlobals) = postSolution
		SolutionGuid = {14A6C1CA-ACE4-422B-8FF8-6F6A5EC3E0B1}
	EndGlobalSection
EndGlobal
